{
    "version": 3,
    "terraform_version": "0.11.7",
    "serial": 2,
    "lineage": "e835b59d-361c-6950-f9f3-70dd0d3e94c8",
    "modules": [
        {
            "path": [
                "root"
            ],
            "outputs": {},
            "resources": {
                "aws_eip.eip_nat": {
                    "type": "aws_eip",
                    "depends_on": [
                        "aws_internet_gateway.IGW"
                    ],
                    "primary": {
                        "id": "eipalloc-0a0236694b1b31d6e",
                        "attributes": {
                            "association_id": "",
                            "domain": "vpc",
                            "id": "eipalloc-0a0236694b1b31d6e",
                            "instance": "",
                            "network_interface": "",
                            "private_ip": "",
                            "public_ip": "13.232.10.135",
                            "tags.%": "0",
                            "vpc": "true"
                        },
                        "meta": {
                            "e2bfb730-ecaa-11e6-8f88-34363bc7c4c0": {
                                "delete": 180000000000,
                                "read": 900000000000,
                                "update": 300000000000
                            }
                        },
                        "tainted": false
                    },
                    "deposed": [],
                    "provider": "provider.aws"
                },
                "aws_internet_gateway.IGW": {
                    "type": "aws_internet_gateway",
                    "depends_on": [
                        "aws_vpc.test_vpc"
                    ],
                    "primary": {
                        "id": "igw-0ef30628a666be266",
                        "attributes": {
                            "id": "igw-0ef30628a666be266",
                            "vpc_id": "vpc-0a8a2fd29ed80380a"
                        },
                        "meta": {},
                        "tainted": false
                    },
                    "deposed": [],
                    "provider": "provider.aws"
                },
                "aws_nat_gateway.NAT_GW": {
                    "type": "aws_nat_gateway",
                    "depends_on": [
                        "aws_eip.eip_nat",
                        "aws_subnet.publicsubnet"
                    ],
                    "primary": {
                        "id": "nat-0ddc9aaf087261b09",
                        "attributes": {
                            "allocation_id": "eipalloc-0a0236694b1b31d6e",
                            "id": "nat-0ddc9aaf087261b09",
                            "network_interface_id": "eni-26c48578",
                            "private_ip": "10.10.0.175",
                            "public_ip": "13.232.10.135",
                            "subnet_id": "subnet-0278956a520df22eb",
                            "tags.%": "1",
                            "tags.Name": "Nat Gateway"
                        },
                        "meta": {},
                        "tainted": false
                    },
                    "deposed": [],
                    "provider": "provider.aws"
                },
                "aws_route_table.Private_RT": {
                    "type": "aws_route_table",
                    "depends_on": [
                        "aws_nat_gateway.NAT_GW",
                        "aws_vpc.test_vpc"
                    ],
                    "primary": {
                        "id": "rtb-0660bfaca2a37a17e",
                        "attributes": {
                            "id": "rtb-0660bfaca2a37a17e",
                            "propagating_vgws.#": "0",
                            "route.#": "1",
                            "route.2198981258.cidr_block": "0.0.0.0/0",
                            "route.2198981258.egress_only_gateway_id": "",
                            "route.2198981258.gateway_id": "",
                            "route.2198981258.instance_id": "",
                            "route.2198981258.ipv6_cidr_block": "",
                            "route.2198981258.nat_gateway_id": "nat-0ddc9aaf087261b09",
                            "route.2198981258.network_interface_id": "",
                            "route.2198981258.vpc_peering_connection_id": "",
                            "tags.%": "0",
                            "vpc_id": "vpc-0a8a2fd29ed80380a"
                        },
                        "meta": {},
                        "tainted": false
                    },
                    "deposed": [],
                    "provider": "provider.aws"
                },
                "aws_route_table.Public_RT": {
                    "type": "aws_route_table",
                    "depends_on": [
                        "aws_internet_gateway.IGW",
                        "aws_vpc.test_vpc"
                    ],
                    "primary": {
                        "id": "rtb-01a21b33a7afecba9",
                        "attributes": {
                            "id": "rtb-01a21b33a7afecba9",
                            "propagating_vgws.#": "0",
                            "route.#": "1",
                            "route.1808458864.cidr_block": "0.0.0.0/0",
                            "route.1808458864.egress_only_gateway_id": "",
                            "route.1808458864.gateway_id": "igw-0ef30628a666be266",
                            "route.1808458864.instance_id": "",
                            "route.1808458864.ipv6_cidr_block": "",
                            "route.1808458864.nat_gateway_id": "",
                            "route.1808458864.network_interface_id": "",
                            "route.1808458864.vpc_peering_connection_id": "",
                            "tags.%": "0",
                            "vpc_id": "vpc-0a8a2fd29ed80380a"
                        },
                        "meta": {},
                        "tainted": false
                    },
                    "deposed": [],
                    "provider": "provider.aws"
                },
                "aws_route_table_association.Private_RT_IG.0": {
                    "type": "aws_route_table_association",
                    "depends_on": [
                        "aws_route_table.Private_RT",
                        "aws_subnet.privatesubnet.*"
                    ],
                    "primary": {
                        "id": "rtbassoc-09346823075786182",
                        "attributes": {
                            "id": "rtbassoc-09346823075786182",
                            "route_table_id": "rtb-0660bfaca2a37a17e",
                            "subnet_id": "subnet-09208871a8d590678"
                        },
                        "meta": {},
                        "tainted": false
                    },
                    "deposed": [],
                    "provider": "provider.aws"
                },
                "aws_route_table_association.Private_RT_IG.1": {
                    "type": "aws_route_table_association",
                    "depends_on": [
                        "aws_route_table.Private_RT",
                        "aws_subnet.privatesubnet.*"
                    ],
                    "primary": {
                        "id": "rtbassoc-06f441e248d35acc2",
                        "attributes": {
                            "id": "rtbassoc-06f441e248d35acc2",
                            "route_table_id": "rtb-0660bfaca2a37a17e",
                            "subnet_id": "subnet-00f5cafb1a40703fc"
                        },
                        "meta": {},
                        "tainted": false
                    },
                    "deposed": [],
                    "provider": "provider.aws"
                },
                "aws_route_table_association.Public_RT_IG.0": {
                    "type": "aws_route_table_association",
                    "depends_on": [
                        "aws_route_table.Public_RT",
                        "aws_subnet.publicsubnet.*"
                    ],
                    "primary": {
                        "id": "rtbassoc-0f77629ca0c6e55fe",
                        "attributes": {
                            "id": "rtbassoc-0f77629ca0c6e55fe",
                            "route_table_id": "rtb-01a21b33a7afecba9",
                            "subnet_id": "subnet-0278956a520df22eb"
                        },
                        "meta": {},
                        "tainted": false
                    },
                    "deposed": [],
                    "provider": "provider.aws"
                },
                "aws_route_table_association.Public_RT_IG.1": {
                    "type": "aws_route_table_association",
                    "depends_on": [
                        "aws_route_table.Public_RT",
                        "aws_subnet.publicsubnet.*"
                    ],
                    "primary": {
                        "id": "rtbassoc-00274051090b15939",
                        "attributes": {
                            "id": "rtbassoc-00274051090b15939",
                            "route_table_id": "rtb-01a21b33a7afecba9",
                            "subnet_id": "subnet-06274a8ab8b48c276"
                        },
                        "meta": {},
                        "tainted": false
                    },
                    "deposed": [],
                    "provider": "provider.aws"
                },
                "aws_subnet.privatesubnet.0": {
                    "type": "aws_subnet",
                    "depends_on": [
                        "aws_vpc.test_vpc",
                        "data.aws_availability_zones.available"
                    ],
                    "primary": {
                        "id": "subnet-09208871a8d590678",
                        "attributes": {
                            "assign_ipv6_address_on_creation": "false",
                            "availability_zone": "ap-south-1a",
                            "cidr_block": "10.10.4.0/24",
                            "id": "subnet-09208871a8d590678",
                            "map_public_ip_on_launch": "false",
                            "tags.%": "1",
                            "tags.Name": "private subnets tf",
                            "vpc_id": "vpc-0a8a2fd29ed80380a"
                        },
                        "meta": {
                            "schema_version": "1"
                        },
                        "tainted": false
                    },
                    "deposed": [],
                    "provider": "provider.aws"
                },
                "aws_subnet.privatesubnet.1": {
                    "type": "aws_subnet",
                    "depends_on": [
                        "aws_vpc.test_vpc",
                        "data.aws_availability_zones.available"
                    ],
                    "primary": {
                        "id": "subnet-00f5cafb1a40703fc",
                        "attributes": {
                            "assign_ipv6_address_on_creation": "false",
                            "availability_zone": "ap-south-1b",
                            "cidr_block": "10.10.5.0/24",
                            "id": "subnet-00f5cafb1a40703fc",
                            "map_public_ip_on_launch": "false",
                            "tags.%": "1",
                            "tags.Name": "private subnets tf",
                            "vpc_id": "vpc-0a8a2fd29ed80380a"
                        },
                        "meta": {
                            "schema_version": "1"
                        },
                        "tainted": false
                    },
                    "deposed": [],
                    "provider": "provider.aws"
                },
                "aws_subnet.publicsubnet.0": {
                    "type": "aws_subnet",
                    "depends_on": [
                        "aws_vpc.test_vpc",
                        "data.aws_availability_zones.available"
                    ],
                    "primary": {
                        "id": "subnet-0278956a520df22eb",
                        "attributes": {
                            "assign_ipv6_address_on_creation": "false",
                            "availability_zone": "ap-south-1a",
                            "cidr_block": "10.10.0.0/24",
                            "id": "subnet-0278956a520df22eb",
                            "map_public_ip_on_launch": "false",
                            "tags.%": "1",
                            "tags.Name": "public subnets tf,{count.index}",
                            "vpc_id": "vpc-0a8a2fd29ed80380a"
                        },
                        "meta": {
                            "schema_version": "1"
                        },
                        "tainted": false
                    },
                    "deposed": [],
                    "provider": "provider.aws"
                },
                "aws_subnet.publicsubnet.1": {
                    "type": "aws_subnet",
                    "depends_on": [
                        "aws_vpc.test_vpc",
                        "data.aws_availability_zones.available"
                    ],
                    "primary": {
                        "id": "subnet-06274a8ab8b48c276",
                        "attributes": {
                            "assign_ipv6_address_on_creation": "false",
                            "availability_zone": "ap-south-1b",
                            "cidr_block": "10.10.1.0/24",
                            "id": "subnet-06274a8ab8b48c276",
                            "map_public_ip_on_launch": "false",
                            "tags.%": "1",
                            "tags.Name": "public subnets tf,{count.index}",
                            "vpc_id": "vpc-0a8a2fd29ed80380a"
                        },
                        "meta": {
                            "schema_version": "1"
                        },
                        "tainted": false
                    },
                    "deposed": [],
                    "provider": "provider.aws"
                },
                "aws_vpc.test_vpc": {
                    "type": "aws_vpc",
                    "depends_on": [],
                    "primary": {
                        "id": "vpc-0a8a2fd29ed80380a",
                        "attributes": {
                            "assign_generated_ipv6_cidr_block": "false",
                            "cidr_block": "10.10.0.0/16",
                            "default_network_acl_id": "acl-08be0d3ba87648e02",
                            "default_route_table_id": "rtb-04227563dd68bcc52",
                            "default_security_group_id": "sg-016b145946b82dfd7",
                            "dhcp_options_id": "dopt-9fa8e8f7",
                            "enable_dns_hostnames": "false",
                            "enable_dns_support": "true",
                            "id": "vpc-0a8a2fd29ed80380a",
                            "instance_tenancy": "default",
                            "main_route_table_id": "rtb-04227563dd68bcc52",
                            "tags.%": "1",
                            "tags.Name": "test-vpc-terraform"
                        },
                        "meta": {
                            "schema_version": "1"
                        },
                        "tainted": false
                    },
                    "deposed": [],
                    "provider": "provider.aws"
                },
                "data.aws_availability_zones.available": {
                    "type": "aws_availability_zones",
                    "depends_on": [],
                    "primary": {
                        "id": "2018-06-20 05:19:15.796952686 +0000 UTC",
                        "attributes": {
                            "id": "2018-06-20 05:19:15.796952686 +0000 UTC",
                            "names.#": "2",
                            "names.0": "ap-south-1a",
                            "names.1": "ap-south-1b"
                        },
                        "meta": {},
                        "tainted": false
                    },
                    "deposed": [],
                    "provider": "provider.aws"
                }
            },
            "depends_on": []
        }
    ]
}
